// !$*UTF8*$!
{
	archiveVersion = 1;
	classes = {
	};
	objectVersion = 50;
	objects = {

/* Begin PBXBuildFile section */
		E1D2809C267B5D52000FDECC /* LoadingSpinnerView.swift in Sources */ = {isa = PBXBuildFile; fileRef = E1D2809B267B5D52000FDECC /* LoadingSpinnerView.swift */; };
		E1D280AD267C936E000FDECC /* RateVC+Ext.swift in Sources */ = {isa = PBXBuildFile; fileRef = E1D280AC267C936E000FDECC /* RateVC+Ext.swift */; };
		E1DA593826524EA3009CE8A0 /* AppDelegate.swift in Sources */ = {isa = PBXBuildFile; fileRef = E1DA593726524EA3009CE8A0 /* AppDelegate.swift */; };
		E1DA593A26524EA3009CE8A0 /* SceneDelegate.swift in Sources */ = {isa = PBXBuildFile; fileRef = E1DA593926524EA3009CE8A0 /* SceneDelegate.swift */; };
		E1DA594126524EA4009CE8A0 /* Assets.xcassets in Resources */ = {isa = PBXBuildFile; fileRef = E1DA594026524EA4009CE8A0 /* Assets.xcassets */; };
		E1DA594426524EA4009CE8A0 /* LaunchScreen.storyboard in Resources */ = {isa = PBXBuildFile; fileRef = E1DA594226524EA4009CE8A0 /* LaunchScreen.storyboard */; };
		E1DA594F26524EA4009CE8A0 /* CurrencyRateTestForMKBTests.swift in Sources */ = {isa = PBXBuildFile; fileRef = E1DA594E26524EA4009CE8A0 /* CurrencyRateTestForMKBTests.swift */; };
		E1DA595A26524EA4009CE8A0 /* CurrencyRateTestForMKBUITests.swift in Sources */ = {isa = PBXBuildFile; fileRef = E1DA595926524EA4009CE8A0 /* CurrencyRateTestForMKBUITests.swift */; };
		E1DA5979265250D9009CE8A0 /* RateVC.swift in Sources */ = {isa = PBXBuildFile; fileRef = E1DA5978265250D9009CE8A0 /* RateVC.swift */; };
		E1DA59832652599B009CE8A0 /* CRErrors.swift in Sources */ = {isa = PBXBuildFile; fileRef = E1DA59822652599B009CE8A0 /* CRErrors.swift */; };
		E1DA599626525C9C009CE8A0 /* CRTitleLabel.swift in Sources */ = {isa = PBXBuildFile; fileRef = E1DA599526525C9C009CE8A0 /* CRTitleLabel.swift */; };
		E1DA599B26525CF4009CE8A0 /* CRBodyLabel.swift in Sources */ = {isa = PBXBuildFile; fileRef = E1DA599A26525CF4009CE8A0 /* CRBodyLabel.swift */; };
		E1DA59A026525D89009CE8A0 /* CRSecondaryTitleLabel.swift in Sources */ = {isa = PBXBuildFile; fileRef = E1DA599F26525D89009CE8A0 /* CRSecondaryTitleLabel.swift */; };
		E1DA59A626525E37009CE8A0 /* CRButton.swift in Sources */ = {isa = PBXBuildFile; fileRef = E1DA59A526525E37009CE8A0 /* CRButton.swift */; };
		E1DA59B02652638F009CE8A0 /* CRFlagImageView.swift in Sources */ = {isa = PBXBuildFile; fileRef = E1DA59AF2652638F009CE8A0 /* CRFlagImageView.swift */; };
		E1DA59B5265265B4009CE8A0 /* CRAlertView.swift in Sources */ = {isa = PBXBuildFile; fileRef = E1DA59B4265265B4009CE8A0 /* CRAlertView.swift */; };
		E1DA59BD265265CD009CE8A0 /* CRAlertVC.swift in Sources */ = {isa = PBXBuildFile; fileRef = E1DA59BC265265CD009CE8A0 /* CRAlertVC.swift */; };
		E1DA59C62652666A009CE8A0 /* UIViewController+Ext.swift in Sources */ = {isa = PBXBuildFile; fileRef = E1DA59C52652666A009CE8A0 /* UIViewController+Ext.swift */; };
		E1DA59CB26527B28009CE8A0 /* NetworkService.swift in Sources */ = {isa = PBXBuildFile; fileRef = E1DA59CA26527B28009CE8A0 /* NetworkService.swift */; };
		E1DA59DD2653B6CE009CE8A0 /* RequestExchangeRates.swift in Sources */ = {isa = PBXBuildFile; fileRef = E1DA59DC2653B6CE009CE8A0 /* RequestExchangeRates.swift */; };
		E1DA59E22653DD8A009CE8A0 /* RateResponse.swift in Sources */ = {isa = PBXBuildFile; fileRef = E1DA59E12653DD8A009CE8A0 /* RateResponse.swift */; };
		E1DA59EC2653E7DE009CE8A0 /* RateCell.swift in Sources */ = {isa = PBXBuildFile; fileRef = E1DA59EB2653E7DE009CE8A0 /* RateCell.swift */; };
		E1DA59F42655048B009CE8A0 /* String+Ext.swift in Sources */ = {isa = PBXBuildFile; fileRef = E1DA59F32655048B009CE8A0 /* String+Ext.swift */; };
		E1DA59FE26564E24009CE8A0 /* RateView.swift in Sources */ = {isa = PBXBuildFile; fileRef = E1DA59FD26564E24009CE8A0 /* RateView.swift */; };
		E1DA5A072656583B009CE8A0 /* DetailView.swift in Sources */ = {isa = PBXBuildFile; fileRef = E1DA5A062656583B009CE8A0 /* DetailView.swift */; };
		E1DA5A0C2656720B009CE8A0 /* CRPriceStackView.swift in Sources */ = {isa = PBXBuildFile; fileRef = E1DA5A0B2656720B009CE8A0 /* CRPriceStackView.swift */; };
		E1DA5A17265698FB009CE8A0 /* DetailVC.swift in Sources */ = {isa = PBXBuildFile; fileRef = E1DA5A16265698FB009CE8A0 /* DetailVC.swift */; };
		E1DA5A302657C546009CE8A0 /* UIView+Ext.swift in Sources */ = {isa = PBXBuildFile; fileRef = E1DA5A2F2657C546009CE8A0 /* UIView+Ext.swift */; };
		E1DA5A38265BE5E7009CE8A0 /* FormattedRateTests.swift in Sources */ = {isa = PBXBuildFile; fileRef = E1DA5A37265BE5E6009CE8A0 /* FormattedRateTests.swift */; };
		E1DA5A48265CDC0B009CE8A0 /* FormattedRate.swift in Sources */ = {isa = PBXBuildFile; fileRef = E1DA5A47265CDC0B009CE8A0 /* FormattedRate.swift */; };
		E1DA5A50265D3D62009CE8A0 /* String+ExtTests.swift in Sources */ = {isa = PBXBuildFile; fileRef = E1DA5A4F265D3D62009CE8A0 /* String+ExtTests.swift */; };
		E1DA5A59265E303A009CE8A0 /* RateProviding.swift in Sources */ = {isa = PBXBuildFile; fileRef = E1DA5A58265E303A009CE8A0 /* RateProviding.swift */; };
		E1DA5A61265E7325009CE8A0 /* RateViewModel.swift in Sources */ = {isa = PBXBuildFile; fileRef = E1DA5A60265E7325009CE8A0 /* RateViewModel.swift */; };
		E1DA5A7B265FD557009CE8A0 /* Networking.swift in Sources */ = {isa = PBXBuildFile; fileRef = E1DA5A7A265FD557009CE8A0 /* Networking.swift */; };
		E1DA5A89265FD66C009CE8A0 /* RequestProviding.swift in Sources */ = {isa = PBXBuildFile; fileRef = E1DA5A88265FD66C009CE8A0 /* RequestProviding.swift */; };
		E1DA5A8E265FD6E5009CE8A0 /* Network.swift in Sources */ = {isa = PBXBuildFile; fileRef = E1DA5A8D265FD6E5009CE8A0 /* Network.swift */; };
/* End PBXBuildFile section */

/* Begin PBXContainerItemProxy section */
		E1DA594B26524EA4009CE8A0 /* PBXContainerItemProxy */ = {
			isa = PBXContainerItemProxy;
			containerPortal = E1DA592C26524EA3009CE8A0 /* Project object */;
			proxyType = 1;
			remoteGlobalIDString = E1DA593326524EA3009CE8A0;
			remoteInfo = CurrencyRateTestForMKB;
		};
		E1DA595626524EA4009CE8A0 /* PBXContainerItemProxy */ = {
			isa = PBXContainerItemProxy;
			containerPortal = E1DA592C26524EA3009CE8A0 /* Project object */;
			proxyType = 1;
			remoteGlobalIDString = E1DA593326524EA3009CE8A0;
			remoteInfo = CurrencyRateTestForMKB;
		};
/* End PBXContainerItemProxy section */

/* Begin PBXFileReference section */
		E1D2809B267B5D52000FDECC /* LoadingSpinnerView.swift */ = {isa = PBXFileReference; lastKnownFileType = sourcecode.swift; path = LoadingSpinnerView.swift; sourceTree = "<group>"; };
		E1D280AC267C936E000FDECC /* RateVC+Ext.swift */ = {isa = PBXFileReference; lastKnownFileType = sourcecode.swift; path = "RateVC+Ext.swift"; sourceTree = "<group>"; };
		E1DA593426524EA3009CE8A0 /* CurrencyRateTestForMKB.app */ = {isa = PBXFileReference; explicitFileType = wrapper.application; includeInIndex = 0; path = CurrencyRateTestForMKB.app; sourceTree = BUILT_PRODUCTS_DIR; };
		E1DA593726524EA3009CE8A0 /* AppDelegate.swift */ = {isa = PBXFileReference; lastKnownFileType = sourcecode.swift; path = AppDelegate.swift; sourceTree = "<group>"; };
		E1DA593926524EA3009CE8A0 /* SceneDelegate.swift */ = {isa = PBXFileReference; lastKnownFileType = sourcecode.swift; path = SceneDelegate.swift; sourceTree = "<group>"; };
		E1DA594026524EA4009CE8A0 /* Assets.xcassets */ = {isa = PBXFileReference; lastKnownFileType = folder.assetcatalog; path = Assets.xcassets; sourceTree = "<group>"; };
		E1DA594326524EA4009CE8A0 /* Base */ = {isa = PBXFileReference; lastKnownFileType = file.storyboard; name = Base; path = Base.lproj/LaunchScreen.storyboard; sourceTree = "<group>"; };
		E1DA594526524EA4009CE8A0 /* Info.plist */ = {isa = PBXFileReference; lastKnownFileType = text.plist.xml; path = Info.plist; sourceTree = "<group>"; };
		E1DA594A26524EA4009CE8A0 /* CurrencyRateTestForMKBTests.xctest */ = {isa = PBXFileReference; explicitFileType = wrapper.cfbundle; includeInIndex = 0; path = CurrencyRateTestForMKBTests.xctest; sourceTree = BUILT_PRODUCTS_DIR; };
		E1DA594E26524EA4009CE8A0 /* CurrencyRateTestForMKBTests.swift */ = {isa = PBXFileReference; lastKnownFileType = sourcecode.swift; path = CurrencyRateTestForMKBTests.swift; sourceTree = "<group>"; };
		E1DA595026524EA4009CE8A0 /* Info.plist */ = {isa = PBXFileReference; lastKnownFileType = text.plist.xml; path = Info.plist; sourceTree = "<group>"; };
		E1DA595526524EA4009CE8A0 /* CurrencyRateTestForMKBUITests.xctest */ = {isa = PBXFileReference; explicitFileType = wrapper.cfbundle; includeInIndex = 0; path = CurrencyRateTestForMKBUITests.xctest; sourceTree = BUILT_PRODUCTS_DIR; };
		E1DA595926524EA4009CE8A0 /* CurrencyRateTestForMKBUITests.swift */ = {isa = PBXFileReference; lastKnownFileType = sourcecode.swift; path = CurrencyRateTestForMKBUITests.swift; sourceTree = "<group>"; };
		E1DA595B26524EA4009CE8A0 /* Info.plist */ = {isa = PBXFileReference; lastKnownFileType = text.plist.xml; path = Info.plist; sourceTree = "<group>"; };
		E1DA5978265250D9009CE8A0 /* RateVC.swift */ = {isa = PBXFileReference; lastKnownFileType = sourcecode.swift; path = RateVC.swift; sourceTree = "<group>"; };
		E1DA59822652599B009CE8A0 /* CRErrors.swift */ = {isa = PBXFileReference; lastKnownFileType = sourcecode.swift; path = CRErrors.swift; sourceTree = "<group>"; };
		E1DA599526525C9C009CE8A0 /* CRTitleLabel.swift */ = {isa = PBXFileReference; lastKnownFileType = sourcecode.swift; path = CRTitleLabel.swift; sourceTree = "<group>"; };
		E1DA599A26525CF4009CE8A0 /* CRBodyLabel.swift */ = {isa = PBXFileReference; lastKnownFileType = sourcecode.swift; path = CRBodyLabel.swift; sourceTree = "<group>"; };
		E1DA599F26525D89009CE8A0 /* CRSecondaryTitleLabel.swift */ = {isa = PBXFileReference; lastKnownFileType = sourcecode.swift; path = CRSecondaryTitleLabel.swift; sourceTree = "<group>"; };
		E1DA59A526525E37009CE8A0 /* CRButton.swift */ = {isa = PBXFileReference; lastKnownFileType = sourcecode.swift; path = CRButton.swift; sourceTree = "<group>"; };
		E1DA59AF2652638F009CE8A0 /* CRFlagImageView.swift */ = {isa = PBXFileReference; lastKnownFileType = sourcecode.swift; path = CRFlagImageView.swift; sourceTree = "<group>"; };
		E1DA59B4265265B4009CE8A0 /* CRAlertView.swift */ = {isa = PBXFileReference; fileEncoding = 4; lastKnownFileType = sourcecode.swift; path = CRAlertView.swift; sourceTree = "<group>"; };
		E1DA59BC265265CD009CE8A0 /* CRAlertVC.swift */ = {isa = PBXFileReference; fileEncoding = 4; lastKnownFileType = sourcecode.swift; path = CRAlertVC.swift; sourceTree = "<group>"; };
		E1DA59C52652666A009CE8A0 /* UIViewController+Ext.swift */ = {isa = PBXFileReference; fileEncoding = 4; lastKnownFileType = sourcecode.swift; path = "UIViewController+Ext.swift"; sourceTree = "<group>"; };
		E1DA59CA26527B28009CE8A0 /* NetworkService.swift */ = {isa = PBXFileReference; lastKnownFileType = sourcecode.swift; path = NetworkService.swift; sourceTree = "<group>"; };
		E1DA59DC2653B6CE009CE8A0 /* RequestExchangeRates.swift */ = {isa = PBXFileReference; lastKnownFileType = sourcecode.swift; path = RequestExchangeRates.swift; sourceTree = "<group>"; };
		E1DA59E12653DD8A009CE8A0 /* RateResponse.swift */ = {isa = PBXFileReference; lastKnownFileType = sourcecode.swift; path = RateResponse.swift; sourceTree = "<group>"; };
		E1DA59EB2653E7DE009CE8A0 /* RateCell.swift */ = {isa = PBXFileReference; lastKnownFileType = sourcecode.swift; path = RateCell.swift; sourceTree = "<group>"; };
		E1DA59F32655048B009CE8A0 /* String+Ext.swift */ = {isa = PBXFileReference; lastKnownFileType = sourcecode.swift; path = "String+Ext.swift"; sourceTree = "<group>"; };
		E1DA59FD26564E24009CE8A0 /* RateView.swift */ = {isa = PBXFileReference; lastKnownFileType = sourcecode.swift; path = RateView.swift; sourceTree = "<group>"; };
		E1DA5A062656583B009CE8A0 /* DetailView.swift */ = {isa = PBXFileReference; lastKnownFileType = sourcecode.swift; path = DetailView.swift; sourceTree = "<group>"; };
		E1DA5A0B2656720B009CE8A0 /* CRPriceStackView.swift */ = {isa = PBXFileReference; lastKnownFileType = sourcecode.swift; path = CRPriceStackView.swift; sourceTree = "<group>"; };
		E1DA5A16265698FB009CE8A0 /* DetailVC.swift */ = {isa = PBXFileReference; lastKnownFileType = sourcecode.swift; path = DetailVC.swift; sourceTree = "<group>"; };
		E1DA5A2F2657C546009CE8A0 /* UIView+Ext.swift */ = {isa = PBXFileReference; lastKnownFileType = sourcecode.swift; path = "UIView+Ext.swift"; sourceTree = "<group>"; };
		E1DA5A37265BE5E6009CE8A0 /* FormattedRateTests.swift */ = {isa = PBXFileReference; lastKnownFileType = sourcecode.swift; path = FormattedRateTests.swift; sourceTree = "<group>"; };
		E1DA5A47265CDC0B009CE8A0 /* FormattedRate.swift */ = {isa = PBXFileReference; lastKnownFileType = sourcecode.swift; path = FormattedRate.swift; sourceTree = "<group>"; };
		E1DA5A4F265D3D62009CE8A0 /* String+ExtTests.swift */ = {isa = PBXFileReference; lastKnownFileType = sourcecode.swift; path = "String+ExtTests.swift"; sourceTree = "<group>"; };
		E1DA5A58265E303A009CE8A0 /* RateProviding.swift */ = {isa = PBXFileReference; lastKnownFileType = sourcecode.swift; path = RateProviding.swift; sourceTree = "<group>"; };
		E1DA5A60265E7325009CE8A0 /* RateViewModel.swift */ = {isa = PBXFileReference; lastKnownFileType = sourcecode.swift; path = RateViewModel.swift; sourceTree = "<group>"; };
		E1DA5A7A265FD557009CE8A0 /* Networking.swift */ = {isa = PBXFileReference; lastKnownFileType = sourcecode.swift; path = Networking.swift; sourceTree = "<group>"; };
		E1DA5A88265FD66C009CE8A0 /* RequestProviding.swift */ = {isa = PBXFileReference; lastKnownFileType = sourcecode.swift; path = RequestProviding.swift; sourceTree = "<group>"; };
		E1DA5A8D265FD6E5009CE8A0 /* Network.swift */ = {isa = PBXFileReference; lastKnownFileType = sourcecode.swift; path = Network.swift; sourceTree = "<group>"; };
/* End PBXFileReference section */

/* Begin PBXFrameworksBuildPhase section */
		E1DA593126524EA3009CE8A0 /* Frameworks */ = {
			isa = PBXFrameworksBuildPhase;
			buildActionMask = 2147483647;
			files = (
			);
			runOnlyForDeploymentPostprocessing = 0;
		};
		E1DA594726524EA4009CE8A0 /* Frameworks */ = {
			isa = PBXFrameworksBuildPhase;
			buildActionMask = 2147483647;
			files = (
			);
			runOnlyForDeploymentPostprocessing = 0;
		};
		E1DA595226524EA4009CE8A0 /* Frameworks */ = {
			isa = PBXFrameworksBuildPhase;
			buildActionMask = 2147483647;
			files = (
			);
			runOnlyForDeploymentPostprocessing = 0;
		};
/* End PBXFrameworksBuildPhase section */

/* Begin PBXGroup section */
		E1D2807C267B230C000FDECC /* Labels */ = {
			isa = PBXGroup;
			children = (
				E1DA599526525C9C009CE8A0 /* CRTitleLabel.swift */,
				E1DA599F26525D89009CE8A0 /* CRSecondaryTitleLabel.swift */,
				E1DA599A26525CF4009CE8A0 /* CRBodyLabel.swift */,
			);
			path = Labels;
			sourceTree = "<group>";
		};
		E1D28080267B232C000FDECC /* ImageViews */ = {
			isa = PBXGroup;
			children = (
				E1DA59AF2652638F009CE8A0 /* CRFlagImageView.swift */,
			);
			path = ImageViews;
			sourceTree = "<group>";
		};
		E1D28084267B233E000FDECC /* StackViews */ = {
			isa = PBXGroup;
			children = (
				E1DA5A0B2656720B009CE8A0 /* CRPriceStackView.swift */,
			);
			path = StackViews;
			sourceTree = "<group>";
		};
		E1D28088267B2355000FDECC /* Buttons */ = {
			isa = PBXGroup;
			children = (
				E1DA59A526525E37009CE8A0 /* CRButton.swift */,
			);
			path = Buttons;
			sourceTree = "<group>";
		};
		E1D28091267B23DD000FDECC /* Views */ = {
			isa = PBXGroup;
			children = (
				E1D2809B267B5D52000FDECC /* LoadingSpinnerView.swift */,
			);
			path = Views;
			sourceTree = "<group>";
		};
		E1DA592B26524EA3009CE8A0 = {
			isa = PBXGroup;
			children = (
				E1DA593626524EA3009CE8A0 /* CurrencyRateTestForMKB */,
				E1DA594D26524EA4009CE8A0 /* CurrencyRateTestForMKBTests */,
				E1DA595826524EA4009CE8A0 /* CurrencyRateTestForMKBUITests */,
				E1DA593526524EA3009CE8A0 /* Products */,
			);
			sourceTree = "<group>";
		};
		E1DA593526524EA3009CE8A0 /* Products */ = {
			isa = PBXGroup;
			children = (
				E1DA593426524EA3009CE8A0 /* CurrencyRateTestForMKB.app */,
				E1DA594A26524EA4009CE8A0 /* CurrencyRateTestForMKBTests.xctest */,
				E1DA595526524EA4009CE8A0 /* CurrencyRateTestForMKBUITests.xctest */,
			);
			name = Products;
			sourceTree = "<group>";
		};
		E1DA593626524EA3009CE8A0 /* CurrencyRateTestForMKB */ = {
			isa = PBXGroup;
			children = (
				E1DA5A57265E2C79009CE8A0 /* Network */,
				E1DA59E72653E754009CE8A0 /* Main */,
				E1DA5A0526565814009CE8A0 /* Detail */,
				E1DA59CF26528792009CE8A0 /* Models */,
				E1DA59C42652666A009CE8A0 /* Extensions */,
				E1DA598826525C0C009CE8A0 /* Custom Views */,
				E1DA598726525BB5009CE8A0 /* Alerts */,
				E1DA598126525944009CE8A0 /* Services */,
				E1DA5980265258E8009CE8A0 /* Utilities */,
				E1DA593726524EA3009CE8A0 /* AppDelegate.swift */,
				E1DA593926524EA3009CE8A0 /* SceneDelegate.swift */,
				E1DA594026524EA4009CE8A0 /* Assets.xcassets */,
				E1DA594226524EA4009CE8A0 /* LaunchScreen.storyboard */,
				E1DA594526524EA4009CE8A0 /* Info.plist */,
			);
			path = CurrencyRateTestForMKB;
			sourceTree = "<group>";
		};
		E1DA594D26524EA4009CE8A0 /* CurrencyRateTestForMKBTests */ = {
			isa = PBXGroup;
			children = (
				E1DA594E26524EA4009CE8A0 /* CurrencyRateTestForMKBTests.swift */,
				E1DA5A37265BE5E6009CE8A0 /* FormattedRateTests.swift */,
				E1DA5A4F265D3D62009CE8A0 /* String+ExtTests.swift */,
				E1DA595026524EA4009CE8A0 /* Info.plist */,
			);
			path = CurrencyRateTestForMKBTests;
			sourceTree = "<group>";
		};
		E1DA595826524EA4009CE8A0 /* CurrencyRateTestForMKBUITests */ = {
			isa = PBXGroup;
			children = (
				E1DA595926524EA4009CE8A0 /* CurrencyRateTestForMKBUITests.swift */,
				E1DA595B26524EA4009CE8A0 /* Info.plist */,
			);
			path = CurrencyRateTestForMKBUITests;
			sourceTree = "<group>";
		};
		E1DA5980265258E8009CE8A0 /* Utilities */ = {
			isa = PBXGroup;
			children = (
				E1DA59822652599B009CE8A0 /* CRErrors.swift */,
			);
			path = Utilities;
			sourceTree = "<group>";
		};
		E1DA598126525944009CE8A0 /* Services */ = {
			isa = PBXGroup;
			children = (
				E1DA59CA26527B28009CE8A0 /* NetworkService.swift */,
			);
			path = Services;
			sourceTree = "<group>";
		};
		E1DA598726525BB5009CE8A0 /* Alerts */ = {
			isa = PBXGroup;
			children = (
				E1DA59BC265265CD009CE8A0 /* CRAlertVC.swift */,
				E1DA59B4265265B4009CE8A0 /* CRAlertView.swift */,
			);
			path = Alerts;
			sourceTree = "<group>";
		};
		E1DA598826525C0C009CE8A0 /* Custom Views */ = {
			isa = PBXGroup;
			children = (
				E1D2807C267B230C000FDECC /* Labels */,
				E1D28080267B232C000FDECC /* ImageViews */,
				E1D28084267B233E000FDECC /* StackViews */,
				E1D28088267B2355000FDECC /* Buttons */,
				E1D28091267B23DD000FDECC /* Views */,
			);
			path = "Custom Views";
			sourceTree = "<group>";
		};
		E1DA59C42652666A009CE8A0 /* Extensions */ = {
			isa = PBXGroup;
			children = (
				E1DA59C52652666A009CE8A0 /* UIViewController+Ext.swift */,
				E1D280AC267C936E000FDECC /* RateVC+Ext.swift */,
				E1DA5A2F2657C546009CE8A0 /* UIView+Ext.swift */,
				E1DA59F32655048B009CE8A0 /* String+Ext.swift */,
			);
			path = Extensions;
			sourceTree = "<group>";
		};
		E1DA59CF26528792009CE8A0 /* Models */ = {
			isa = PBXGroup;
			children = (
				E1DA5A47265CDC0B009CE8A0 /* FormattedRate.swift */,
				E1DA59E12653DD8A009CE8A0 /* RateResponse.swift */,
				E1DA59DC2653B6CE009CE8A0 /* RequestExchangeRates.swift */,
			);
			path = Models;
			sourceTree = "<group>";
		};
		E1DA59E72653E754009CE8A0 /* Main */ = {
			isa = PBXGroup;
			children = (
				E1DA5978265250D9009CE8A0 /* RateVC.swift */,
				E1DA5A60265E7325009CE8A0 /* RateViewModel.swift */,
				E1DA59FD26564E24009CE8A0 /* RateView.swift */,
				E1DA59EB2653E7DE009CE8A0 /* RateCell.swift */,
			);
			path = Main;
			sourceTree = "<group>";
		};
		E1DA5A0526565814009CE8A0 /* Detail */ = {
			isa = PBXGroup;
			children = (
				E1DA5A16265698FB009CE8A0 /* DetailVC.swift */,
				E1DA5A062656583B009CE8A0 /* DetailView.swift */,
			);
			path = Detail;
			sourceTree = "<group>";
		};
		E1DA5A57265E2C79009CE8A0 /* Network */ = {
			isa = PBXGroup;
			children = (
				E1DA5A58265E303A009CE8A0 /* RateProviding.swift */,
				E1DA5A88265FD66C009CE8A0 /* RequestProviding.swift */,
				E1DA5A7A265FD557009CE8A0 /* Networking.swift */,
				E1DA5A8D265FD6E5009CE8A0 /* Network.swift */,
			);
			path = Network;
			sourceTree = "<group>";
		};
/* End PBXGroup section */

/* Begin PBXNativeTarget section */
		E1DA593326524EA3009CE8A0 /* CurrencyRateTestForMKB */ = {
			isa = PBXNativeTarget;
			buildConfigurationList = E1DA595E26524EA4009CE8A0 /* Build configuration list for PBXNativeTarget "CurrencyRateTestForMKB" */;
			buildPhases = (
				E1DA593026524EA3009CE8A0 /* Sources */,
				E1DA593126524EA3009CE8A0 /* Frameworks */,
				E1DA593226524EA3009CE8A0 /* Resources */,
			);
			buildRules = (
			);
			dependencies = (
			);
			name = CurrencyRateTestForMKB;
			productName = CurrencyRateTestForMKB;
			productReference = E1DA593426524EA3009CE8A0 /* CurrencyRateTestForMKB.app */;
			productType = "com.apple.product-type.application";
		};
		E1DA594926524EA4009CE8A0 /* CurrencyRateTestForMKBTests */ = {
			isa = PBXNativeTarget;
			buildConfigurationList = E1DA596126524EA4009CE8A0 /* Build configuration list for PBXNativeTarget "CurrencyRateTestForMKBTests" */;
			buildPhases = (
				E1DA594626524EA4009CE8A0 /* Sources */,
				E1DA594726524EA4009CE8A0 /* Frameworks */,
				E1DA594826524EA4009CE8A0 /* Resources */,
			);
			buildRules = (
			);
			dependencies = (
				E1DA594C26524EA4009CE8A0 /* PBXTargetDependency */,
			);
			name = CurrencyRateTestForMKBTests;
			productName = CurrencyRateTestForMKBTests;
			productReference = E1DA594A26524EA4009CE8A0 /* CurrencyRateTestForMKBTests.xctest */;
			productType = "com.apple.product-type.bundle.unit-test";
		};
		E1DA595426524EA4009CE8A0 /* CurrencyRateTestForMKBUITests */ = {
			isa = PBXNativeTarget;
			buildConfigurationList = E1DA596426524EA4009CE8A0 /* Build configuration list for PBXNativeTarget "CurrencyRateTestForMKBUITests" */;
			buildPhases = (
				E1DA595126524EA4009CE8A0 /* Sources */,
				E1DA595226524EA4009CE8A0 /* Frameworks */,
				E1DA595326524EA4009CE8A0 /* Resources */,
			);
			buildRules = (
			);
			dependencies = (
				E1DA595726524EA4009CE8A0 /* PBXTargetDependency */,
			);
			name = CurrencyRateTestForMKBUITests;
			productName = CurrencyRateTestForMKBUITests;
			productReference = E1DA595526524EA4009CE8A0 /* CurrencyRateTestForMKBUITests.xctest */;
			productType = "com.apple.product-type.bundle.ui-testing";
		};
/* End PBXNativeTarget section */

/* Begin PBXProject section */
		E1DA592C26524EA3009CE8A0 /* Project object */ = {
			isa = PBXProject;
			attributes = {
				LastSwiftUpdateCheck = 1240;
				LastUpgradeCheck = 1240;
				TargetAttributes = {
					E1DA593326524EA3009CE8A0 = {
						CreatedOnToolsVersion = 12.4;
					};
					E1DA594926524EA4009CE8A0 = {
						CreatedOnToolsVersion = 12.4;
						TestTargetID = E1DA593326524EA3009CE8A0;
					};
					E1DA595426524EA4009CE8A0 = {
						CreatedOnToolsVersion = 12.4;
						TestTargetID = E1DA593326524EA3009CE8A0;
					};
				};
			};
			buildConfigurationList = E1DA592F26524EA3009CE8A0 /* Build configuration list for PBXProject "CurrencyRateTestForMKB" */;
			compatibilityVersion = "Xcode 9.3";
			developmentRegion = en;
			hasScannedForEncodings = 0;
			knownRegions = (
				en,
				Base,
			);
			mainGroup = E1DA592B26524EA3009CE8A0;
			productRefGroup = E1DA593526524EA3009CE8A0 /* Products */;
			projectDirPath = "";
			projectRoot = "";
			targets = (
				E1DA593326524EA3009CE8A0 /* CurrencyRateTestForMKB */,
				E1DA594926524EA4009CE8A0 /* CurrencyRateTestForMKBTests */,
				E1DA595426524EA4009CE8A0 /* CurrencyRateTestForMKBUITests */,
			);
		};
/* End PBXProject section */

/* Begin PBXResourcesBuildPhase section */
		E1DA593226524EA3009CE8A0 /* Resources */ = {
			isa = PBXResourcesBuildPhase;
			buildActionMask = 2147483647;
			files = (
				E1DA594426524EA4009CE8A0 /* LaunchScreen.storyboard in Resources */,
				E1DA594126524EA4009CE8A0 /* Assets.xcassets in Resources */,
			);
			runOnlyForDeploymentPostprocessing = 0;
		};
		E1DA594826524EA4009CE8A0 /* Resources */ = {
			isa = PBXResourcesBuildPhase;
			buildActionMask = 2147483647;
			files = (
			);
			runOnlyForDeploymentPostprocessing = 0;
		};
		E1DA595326524EA4009CE8A0 /* Resources */ = {
			isa = PBXResourcesBuildPhase;
			buildActionMask = 2147483647;
			files = (
			);
			runOnlyForDeploymentPostprocessing = 0;
		};
/* End PBXResourcesBuildPhase section */

/* Begin PBXSourcesBuildPhase section */
		E1DA593026524EA3009CE8A0 /* Sources */ = {
			isa = PBXSourcesBuildPhase;
			buildActionMask = 2147483647;
			files = (
				E1D2809C267B5D52000FDECC /* LoadingSpinnerView.swift in Sources */,
				E1DA59F42655048B009CE8A0 /* String+Ext.swift in Sources */,
				E1DA5A59265E303A009CE8A0 /* RateProviding.swift in Sources */,
				E1DA59B5265265B4009CE8A0 /* CRAlertView.swift in Sources */,
				E1DA5A8E265FD6E5009CE8A0 /* Network.swift in Sources */,
				E1DA593826524EA3009CE8A0 /* AppDelegate.swift in Sources */,
				E1DA59C62652666A009CE8A0 /* UIViewController+Ext.swift in Sources */,
				E1DA5A7B265FD557009CE8A0 /* Networking.swift in Sources */,
				E1DA5A61265E7325009CE8A0 /* RateViewModel.swift in Sources */,
				E1DA599626525C9C009CE8A0 /* CRTitleLabel.swift in Sources */,
				E1D280AD267C936E000FDECC /* RateVC+Ext.swift in Sources */,
				E1DA59BD265265CD009CE8A0 /* CRAlertVC.swift in Sources */,
				E1DA59A626525E37009CE8A0 /* CRButton.swift in Sources */,
				E1DA5A302657C546009CE8A0 /* UIView+Ext.swift in Sources */,
				E1DA5979265250D9009CE8A0 /* RateVC.swift in Sources */,
				E1DA5A0C2656720B009CE8A0 /* CRPriceStackView.swift in Sources */,
				E1DA5A072656583B009CE8A0 /* DetailView.swift in Sources */,
				E1DA59EC2653E7DE009CE8A0 /* RateCell.swift in Sources */,
				E1DA59B02652638F009CE8A0 /* CRFlagImageView.swift in Sources */,
				E1DA59E22653DD8A009CE8A0 /* RateResponse.swift in Sources */,
				E1DA5A48265CDC0B009CE8A0 /* FormattedRate.swift in Sources */,
				E1DA599B26525CF4009CE8A0 /* CRBodyLabel.swift in Sources */,
				E1DA5A89265FD66C009CE8A0 /* RequestProviding.swift in Sources */,
				E1DA593A26524EA3009CE8A0 /* SceneDelegate.swift in Sources */,
				E1DA59DD2653B6CE009CE8A0 /* RequestExchangeRates.swift in Sources */,
				E1DA59FE26564E24009CE8A0 /* RateView.swift in Sources */,
				E1DA5A17265698FB009CE8A0 /* DetailVC.swift in Sources */,
				E1DA59832652599B009CE8A0 /* CRErrors.swift in Sources */,
				E1DA59CB26527B28009CE8A0 /* NetworkService.swift in Sources */,
				E1DA59A026525D89009CE8A0 /* CRSecondaryTitleLabel.swift in Sources */,
			);
			runOnlyForDeploymentPostprocessing = 0;
		};
		E1DA594626524EA4009CE8A0 /* Sources */ = {
			isa = PBXSourcesBuildPhase;
			buildActionMask = 2147483647;
			files = (
				E1DA594F26524EA4009CE8A0 /* CurrencyRateTestForMKBTests.swift in Sources */,
				E1DA5A38265BE5E7009CE8A0 /* FormattedRateTests.swift in Sources */,
				E1DA5A50265D3D62009CE8A0 /* String+ExtTests.swift in Sources */,
			);
			runOnlyForDeploymentPostprocessing = 0;
		};
		E1DA595126524EA4009CE8A0 /* Sources */ = {
			isa = PBXSourcesBuildPhase;
			buildActionMask = 2147483647;
			files = (
				E1DA595A26524EA4009CE8A0 /* CurrencyRateTestForMKBUITests.swift in Sources */,
			);
			runOnlyForDeploymentPostprocessing = 0;
		};
/* End PBXSourcesBuildPhase section */

/* Begin PBXTargetDependency section */
		E1DA594C26524EA4009CE8A0 /* PBXTargetDependency */ = {
			isa = PBXTargetDependency;
			target = E1DA593326524EA3009CE8A0 /* CurrencyRateTestForMKB */;
			targetProxy = E1DA594B26524EA4009CE8A0 /* PBXContainerItemProxy */;
		};
		E1DA595726524EA4009CE8A0 /* PBXTargetDependency */ = {
			isa = PBXTargetDependency;
			target = E1DA593326524EA3009CE8A0 /* CurrencyRateTestForMKB */;
			targetProxy = E1DA595626524EA4009CE8A0 /* PBXContainerItemProxy */;
		};
/* End PBXTargetDependency section */

/* Begin PBXVariantGroup section */
		E1DA594226524EA4009CE8A0 /* LaunchScreen.storyboard */ = {
			isa = PBXVariantGroup;
			children = (
				E1DA594326524EA4009CE8A0 /* Base */,
			);
			name = LaunchScreen.storyboard;
			sourceTree = "<group>";
		};
/* End PBXVariantGroup section */

/* Begin XCBuildConfiguration section */
		E1DA595C26524EA4009CE8A0 /* Debug */ = {
			isa = XCBuildConfiguration;
			buildSettings = {
				ALWAYS_SEARCH_USER_PATHS = NO;
				CLANG_ANALYZER_NONNULL = YES;
				CLANG_ANALYZER_NUMBER_OBJECT_CONVERSION = YES_AGGRESSIVE;
				CLANG_CXX_LANGUAGE_STANDARD = "gnu++14";
				CLANG_CXX_LIBRARY = "libc++";
				CLANG_ENABLE_MODULES = YES;
				CLANG_ENABLE_OBJC_ARC = YES;
				CLANG_ENABLE_OBJC_WEAK = YES;
				CLANG_WARN_BLOCK_CAPTURE_AUTORELEASING = YES;
				CLANG_WARN_BOOL_CONVERSION = YES;
				CLANG_WARN_COMMA = YES;
				CLANG_WARN_CONSTANT_CONVERSION = YES;
				CLANG_WARN_DEPRECATED_OBJC_IMPLEMENTATIONS = YES;
				CLANG_WARN_DIRECT_OBJC_ISA_USAGE = YES_ERROR;
				CLANG_WARN_DOCUMENTATION_COMMENTS = YES;
				CLANG_WARN_EMPTY_BODY = YES;
				CLANG_WARN_ENUM_CONVERSION = YES;
				CLANG_WARN_INFINITE_RECURSION = YES;
				CLANG_WARN_INT_CONVERSION = YES;
				CLANG_WARN_NON_LITERAL_NULL_CONVERSION = YES;
				CLANG_WARN_OBJC_IMPLICIT_RETAIN_SELF = YES;
				CLANG_WARN_OBJC_LITERAL_CONVERSION = YES;
				CLANG_WARN_OBJC_ROOT_CLASS = YES_ERROR;
				CLANG_WARN_QUOTED_INCLUDE_IN_FRAMEWORK_HEADER = YES;
				CLANG_WARN_RANGE_LOOP_ANALYSIS = YES;
				CLANG_WARN_STRICT_PROTOTYPES = YES;
				CLANG_WARN_SUSPICIOUS_MOVE = YES;
				CLANG_WARN_UNGUARDED_AVAILABILITY = YES_AGGRESSIVE;
				CLANG_WARN_UNREACHABLE_CODE = YES;
				CLANG_WARN__DUPLICATE_METHOD_MATCH = YES;
				COPY_PHASE_STRIP = NO;
				DEBUG_INFORMATION_FORMAT = dwarf;
				ENABLE_STRICT_OBJC_MSGSEND = YES;
				ENABLE_TESTABILITY = YES;
				GCC_C_LANGUAGE_STANDARD = gnu11;
				GCC_DYNAMIC_NO_PIC = NO;
				GCC_NO_COMMON_BLOCKS = YES;
				GCC_OPTIMIZATION_LEVEL = 0;
				GCC_PREPROCESSOR_DEFINITIONS = (
					"DEBUG=1",
					"$(inherited)",
				);
				GCC_WARN_64_TO_32_BIT_CONVERSION = YES;
				GCC_WARN_ABOUT_RETURN_TYPE = YES_ERROR;
				GCC_WARN_UNDECLARED_SELECTOR = YES;
				GCC_WARN_UNINITIALIZED_AUTOS = YES_AGGRESSIVE;
				GCC_WARN_UNUSED_FUNCTION = YES;
				GCC_WARN_UNUSED_VARIABLE = YES;
				IPHONEOS_DEPLOYMENT_TARGET = 14.4;
				MTL_ENABLE_DEBUG_INFO = INCLUDE_SOURCE;
				MTL_FAST_MATH = YES;
				ONLY_ACTIVE_ARCH = YES;
				SDKROOT = iphoneos;
				SWIFT_ACTIVE_COMPILATION_CONDITIONS = DEBUG;
				SWIFT_OPTIMIZATION_LEVEL = "-Onone";
			};
			name = Debug;
		};
		E1DA595D26524EA4009CE8A0 /* Release */ = {
			isa = XCBuildConfiguration;
			buildSettings = {
				ALWAYS_SEARCH_USER_PATHS = NO;
				CLANG_ANALYZER_NONNULL = YES;
				CLANG_ANALYZER_NUMBER_OBJECT_CONVERSION = YES_AGGRESSIVE;
				CLANG_CXX_LANGUAGE_STANDARD = "gnu++14";
				CLANG_CXX_LIBRARY = "libc++";
				CLANG_ENABLE_MODULES = YES;
				CLANG_ENABLE_OBJC_ARC = YES;
				CLANG_ENABLE_OBJC_WEAK = YES;
				CLANG_WARN_BLOCK_CAPTURE_AUTORELEASING = YES;
				CLANG_WARN_BOOL_CONVERSION = YES;
				CLANG_WARN_COMMA = YES;
				CLANG_WARN_CONSTANT_CONVERSION = YES;
				CLANG_WARN_DEPRECATED_OBJC_IMPLEMENTATIONS = YES;
				CLANG_WARN_DIRECT_OBJC_ISA_USAGE = YES_ERROR;
				CLANG_WARN_DOCUMENTATION_COMMENTS = YES;
				CLANG_WARN_EMPTY_BODY = YES;
				CLANG_WARN_ENUM_CONVERSION = YES;
				CLANG_WARN_INFINITE_RECURSION = YES;
				CLANG_WARN_INT_CONVERSION = YES;
				CLANG_WARN_NON_LITERAL_NULL_CONVERSION = YES;
				CLANG_WARN_OBJC_IMPLICIT_RETAIN_SELF = YES;
				CLANG_WARN_OBJC_LITERAL_CONVERSION = YES;
				CLANG_WARN_OBJC_ROOT_CLASS = YES_ERROR;
				CLANG_WARN_QUOTED_INCLUDE_IN_FRAMEWORK_HEADER = YES;
				CLANG_WARN_RANGE_LOOP_ANALYSIS = YES;
				CLANG_WARN_STRICT_PROTOTYPES = YES;
				CLANG_WARN_SUSPICIOUS_MOVE = YES;
				CLANG_WARN_UNGUARDED_AVAILABILITY = YES_AGGRESSIVE;
				CLANG_WARN_UNREACHABLE_CODE = YES;
				CLANG_WARN__DUPLICATE_METHOD_MATCH = YES;
				COPY_PHASE_STRIP = NO;
				DEBUG_INFORMATION_FORMAT = "dwarf-with-dsym";
				ENABLE_NS_ASSERTIONS = NO;
				ENABLE_STRICT_OBJC_MSGSEND = YES;
				GCC_C_LANGUAGE_STANDARD = gnu11;
				GCC_NO_COMMON_BLOCKS = YES;
				GCC_WARN_64_TO_32_BIT_CONVERSION = YES;
				GCC_WARN_ABOUT_RETURN_TYPE = YES_ERROR;
				GCC_WARN_UNDECLARED_SELECTOR = YES;
				GCC_WARN_UNINITIALIZED_AUTOS = YES_AGGRESSIVE;
				GCC_WARN_UNUSED_FUNCTION = YES;
				GCC_WARN_UNUSED_VARIABLE = YES;
				IPHONEOS_DEPLOYMENT_TARGET = 14.4;
				MTL_ENABLE_DEBUG_INFO = NO;
				MTL_FAST_MATH = YES;
				SDKROOT = iphoneos;
				SWIFT_COMPILATION_MODE = wholemodule;
				SWIFT_OPTIMIZATION_LEVEL = "-O";
				VALIDATE_PRODUCT = YES;
			};
			name = Release;
		};
		E1DA595F26524EA4009CE8A0 /* Debug */ = {
			isa = XCBuildConfiguration;
			buildSettings = {
				ASSETCATALOG_COMPILER_APPICON_NAME = AppIcon;
				ASSETCATALOG_COMPILER_GLOBAL_ACCENT_COLOR_NAME = AccentColor;
				CODE_SIGN_STYLE = Automatic;
				DEVELOPMENT_TEAM = 7U5XZ95AHH;
				INFOPLIST_FILE = CurrencyRateTestForMKB/Info.plist;
				LD_RUNPATH_SEARCH_PATHS = (
					"$(inherited)",
					"@executable_path/Frameworks",
				);
				PRODUCT_BUNDLE_IDENTIFIER = com.vitalyprosvetov.CurrencyRateTestForMKB;
				PRODUCT_NAME = "$(TARGET_NAME)";
				SWIFT_VERSION = 5.0;
				TARGETED_DEVICE_FAMILY = "1,2";
			};
			name = Debug;
		};
		E1DA596026524EA4009CE8A0 /* Release */ = {
			isa = XCBuildConfiguration;
			buildSettings = {
				ASSETCATALOG_COMPILER_APPICON_NAME = AppIcon;
				ASSETCATALOG_COMPILER_GLOBAL_ACCENT_COLOR_NAME = AccentColor;
				CODE_SIGN_STYLE = Automatic;
				DEVELOPMENT_TEAM = 7U5XZ95AHH;
				INFOPLIST_FILE = CurrencyRateTestForMKB/Info.plist;
				LD_RUNPATH_SEARCH_PATHS = (
					"$(inherited)",
					"@executable_path/Frameworks",
				);
				PRODUCT_BUNDLE_IDENTIFIER = com.vitalyprosvetov.CurrencyRateTestForMKB;
				PRODUCT_NAME = "$(TARGET_NAME)";
				SWIFT_VERSION = 5.0;
				TARGETED_DEVICE_FAMILY = "1,2";
			};
			name = Release;
		};
		E1DA596226524EA4009CE8A0 /* Debug */ = {
			isa = XCBuildConfiguration;
			buildSettings = {
				ALWAYS_EMBED_SWIFT_STANDARD_LIBRARIES = YES;
				BUNDLE_LOADER = "$(TEST_HOST)";
				CODE_SIGN_STYLE = Automatic;
				DEVELOPMENT_TEAM = 7U5XZ95AHH;
				INFOPLIST_FILE = CurrencyRateTestForMKBTests/Info.plist;
				IPHONEOS_DEPLOYMENT_TARGET = 14.4;
				LD_RUNPATH_SEARCH_PATHS = (
					"$(inherited)",
					"@executable_path/Frameworks",
					"@loader_path/Frameworks",
				);
				PRODUCT_BUNDLE_IDENTIFIER = com.vitalyprosvetov.CurrencyRateTestForMKBTests;
				PRODUCT_NAME = "$(TARGET_NAME)";
				SWIFT_VERSION = 5.0;
				TARGETED_DEVICE_FAMILY = "1,2";
				TEST_HOST = "$(BUILT_PRODUCTS_DIR)/CurrencyRateTestForMKB.app/CurrencyRateTestForMKB";
			};
			name = Debug;
		};
		E1DA596326524EA4009CE8A0 /* Release */ = {
			isa = XCBuildConfiguration;
			buildSettings = {
				ALWAYS_EMBED_SWIFT_STANDARD_LIBRARIES = YES;
				BUNDLE_LOADER = "$(TEST_HOST)";
				CODE_SIGN_STYLE = Automatic;
				DEVELOPMENT_TEAM = 7U5XZ95AHH;
				INFOPLIST_FILE = CurrencyRateTestForMKBTests/Info.plist;
				IPHONEOS_DEPLOYMENT_TARGET = 14.4;
				LD_RUNPATH_SEARCH_PATHS = (
					"$(inherited)",
					"@executable_path/Frameworks",
					"@loader_path/Frameworks",
				);
				PRODUCT_BUNDLE_IDENTIFIER = com.vitalyprosvetov.CurrencyRateTestForMKBTests;
				PRODUCT_NAME = "$(TARGET_NAME)";
				SWIFT_VERSION = 5.0;
				TARGETED_DEVICE_FAMILY = "1,2";
				TEST_HOST = "$(BUILT_PRODUCTS_DIR)/CurrencyRateTestForMKB.app/CurrencyRateTestForMKB";
			};
			name = Release;
		};
		E1DA596526524EA4009CE8A0 /* Debug */ = {
			isa = XCBuildConfiguration;
			buildSettings = {
				ALWAYS_EMBED_SWIFT_STANDARD_LIBRARIES = YES;
				CODE_SIGN_STYLE = Automatic;
				DEVELOPMENT_TEAM = 7U5XZ95AHH;
				INFOPLIST_FILE = CurrencyRateTestForMKBUITests/Info.plist;
				LD_RUNPATH_SEARCH_PATHS = (
					"$(inherited)",
					"@executable_path/Frameworks",
					"@loader_path/Frameworks",
				);
				PRODUCT_BUNDLE_IDENTIFIER = com.vitalyprosvetov.CurrencyRateTestForMKBUITests;
				PRODUCT_NAME = "$(TARGET_NAME)";
				SWIFT_VERSION = 5.0;
				TARGETED_DEVICE_FAMILY = "1,2";
				TEST_TARGET_NAME = CurrencyRateTestForMKB;
			};
			name = Debug;
		};
		E1DA596626524EA4009CE8A0 /* Release */ = {
			isa = XCBuildConfiguration;
			buildSettings = {
				ALWAYS_EMBED_SWIFT_STANDARD_LIBRARIES = YES;
				CODE_SIGN_STYLE = Automatic;
				DEVELOPMENT_TEAM = 7U5XZ95AHH;
				INFOPLIST_FILE = CurrencyRateTestForMKBUITests/Info.plist;
				LD_RUNPATH_SEARCH_PATHS = (
					"$(inherited)",
					"@executable_path/Frameworks",
					"@loader_path/Frameworks",
				);
				PRODUCT_BUNDLE_IDENTIFIER = com.vitalyprosvetov.CurrencyRateTestForMKBUITests;
				PRODUCT_NAME = "$(TARGET_NAME)";
				SWIFT_VERSION = 5.0;
				TARGETED_DEVICE_FAMILY = "1,2";
				TEST_TARGET_NAME = CurrencyRateTestForMKB;
			};
			name = Release;
		};
/* End XCBuildConfiguration section */

/* Begin XCConfigurationList section */
		E1DA592F26524EA3009CE8A0 /* Build configuration list for PBXProject "CurrencyRateTestForMKB" */ = {
			isa = XCConfigurationList;
			buildConfigurations = (
				E1DA595C26524EA4009CE8A0 /* Debug */,
				E1DA595D26524EA4009CE8A0 /* Release */,
			);
			defaultConfigurationIsVisible = 0;
			defaultConfigurationName = Release;
		};
		E1DA595E26524EA4009CE8A0 /* Build configuration list for PBXNativeTarget "CurrencyRateTestForMKB" */ = {
			isa = XCConfigurationList;
			buildConfigurations = (
				E1DA595F26524EA4009CE8A0 /* Debug */,
				E1DA596026524EA4009CE8A0 /* Release */,
			);
			defaultConfigurationIsVisible = 0;
			defaultConfigurationName = Release;
		};
		E1DA596126524EA4009CE8A0 /* Build configuration list for PBXNativeTarget "CurrencyRateTestForMKBTests" */ = {
			isa = XCConfigurationList;
			buildConfigurations = (
				E1DA596226524EA4009CE8A0 /* Debug */,
				E1DA596326524EA4009CE8A0 /* Release */,
			);
			defaultConfigurationIsVisible = 0;
			defaultConfigurationName = Release;
		};
		E1DA596426524EA4009CE8A0 /* Build configuration list for PBXNativeTarget "CurrencyRateTestForMKBUITests" */ = {
			isa = XCConfigurationList;
			buildConfigurations = (
				E1DA596526524EA4009CE8A0 /* Debug */,
				E1DA596626524EA4009CE8A0 /* Release */,
			);
			defaultConfigurationIsVisible = 0;
			defaultConfigurationName = Release;
		};
/* End XCConfigurationList section */
	};
	rootObject = E1DA592C26524EA3009CE8A0 /* Project object */;
}
